
Microsoft Visual Studio Solution File, Format Version 12.00
# Visual Studio 15
VisualStudioVersion = 15.0.27130.2003
MinimumVisualStudioVersion = 10.0.40219.1
Project("{FAE04EC0-301F-11D3-BF4B-00C04F79EFBC}") = "Unlimitedinf.Tools.IntTests", "Unlimitedinf.Tools.IntTests\Unlimitedinf.Tools.IntTests.csproj", "{9F931860-92AB-4B45-81F7-8774F9C194CD}"
EndProject
Project("{FAE04EC0-301F-11D3-BF4B-00C04F79EFBC}") = "Unlimitedinf.Tools.UnitTests", "Unlimitedinf.Tools.UnitTests\Unlimitedinf.Tools.UnitTests.csproj", "{A03E19C8-CA03-4DD7-95BE-5E1DEE5EE7DA}"
EndProject
Project("{2150E333-8FDC-42A3-9474-1A3956D46DE8}") = "Solution Items", "Solution Items", "{F362E671-015F-475E-BBA9-E387CB8EB952}"
	ProjectSection(SolutionItems) = preProject
		.gitignore = .gitignore
		LICENSE = LICENSE
		README.md = README.md
		unlimitedinf.ico = unlimitedinf.ico
	EndProjectSection
EndProject
Project("{9A19103F-16F7-4668-BE54-9A1E7A4F7556}") = "Unlimitedinf.Tools", "Unlimitedinf.Tools\Unlimitedinf.Tools.csproj", "{212FCC70-1A71-4BD1-8313-19F5E0077CD7}"
EndProject
Project("{9A19103F-16F7-4668-BE54-9A1E7A4F7556}") = "Unlimitedinf.Tools.Numerics", "Unlimitedinf.Tools.Numerics\Unlimitedinf.Tools.Numerics.csproj", "{1D1DE0C2-03C6-4F39-A7A0-2841C1DB5884}"
EndProject
Project("{9A19103F-16F7-4668-BE54-9A1E7A4F7556}") = "Unlimitedinf.Tools.Statics", "Unlimitedinf.Tools.Statics\Unlimitedinf.Tools.Statics.csproj", "{E4530F25-E3F6-45F5-8A12-33F2C3FEE9CE}"
EndProject
Global
	GlobalSection(SolutionConfigurationPlatforms) = preSolution
		Debug|Any CPU = Debug|Any CPU
		Release|Any CPU = Release|Any CPU
	EndGlobalSection
	GlobalSection(ProjectConfigurationPlatforms) = postSolution
		{9F931860-92AB-4B45-81F7-8774F9C194CD}.Debug|Any CPU.ActiveCfg = Debug|Any CPU
		{9F931860-92AB-4B45-81F7-8774F9C194CD}.Debug|Any CPU.Build.0 = Debug|Any CPU
		{9F931860-92AB-4B45-81F7-8774F9C194CD}.Release|Any CPU.ActiveCfg = Release|Any CPU
		{A03E19C8-CA03-4DD7-95BE-5E1DEE5EE7DA}.Debug|Any CPU.ActiveCfg = Debug|Any CPU
		{A03E19C8-CA03-4DD7-95BE-5E1DEE5EE7DA}.Debug|Any CPU.Build.0 = Debug|Any CPU
		{A03E19C8-CA03-4DD7-95BE-5E1DEE5EE7DA}.Release|Any CPU.ActiveCfg = Release|Any CPU
		{212FCC70-1A71-4BD1-8313-19F5E0077CD7}.Debug|Any CPU.ActiveCfg = Debug|Any CPU
		{212FCC70-1A71-4BD1-8313-19F5E0077CD7}.Debug|Any CPU.Build.0 = Debug|Any CPU
		{212FCC70-1A71-4BD1-8313-19F5E0077CD7}.Release|Any CPU.ActiveCfg = Release|Any CPU
		{212FCC70-1A71-4BD1-8313-19F5E0077CD7}.Release|Any CPU.Build.0 = Release|Any CPU
		{1D1DE0C2-03C6-4F39-A7A0-2841C1DB5884}.Debug|Any CPU.ActiveCfg = Debug|Any CPU
		{1D1DE0C2-03C6-4F39-A7A0-2841C1DB5884}.Debug|Any CPU.Build.0 = Debug|Any CPU
		{1D1DE0C2-03C6-4F39-A7A0-2841C1DB5884}.Release|Any CPU.ActiveCfg = Release|Any CPU
		{1D1DE0C2-03C6-4F39-A7A0-2841C1DB5884}.Release|Any CPU.Build.0 = Release|Any CPU
		{E4530F25-E3F6-45F5-8A12-33F2C3FEE9CE}.Debug|Any CPU.ActiveCfg = Debug|Any CPU
		{E4530F25-E3F6-45F5-8A12-33F2C3FEE9CE}.Debug|Any CPU.Build.0 = Debug|Any CPU
		{E4530F25-E3F6-45F5-8A12-33F2C3FEE9CE}.Release|Any CPU.ActiveCfg = Release|Any CPU
		{E4530F25-E3F6-45F5-8A12-33F2C3FEE9CE}.Release|Any CPU.Build.0 = Release|Any CPU
	EndGlobalSection
	GlobalSection(SolutionProperties) = preSolution
		HideSolutionNode = FALSE
	EndGlobalSection
	GlobalSection(ExtensibilityGlobals) = postSolution
		SolutionGuid = {2CEA7305-A542-4A41-96F8-CBEED384D34C}
	EndGlobalSection
EndGlobal
