
Microsoft Visual Studio Solution File, Format Version 12.00
# Visual Studio 14
VisualStudioVersion = 14.0.25420.1
MinimumVisualStudioVersion = 10.0.40219.1
Project("{FAE04EC0-301F-11D3-BF4B-00C04F79EFBC}") = "Unlimitedinf.Tools", "Unlimitedinf.Tools\Unlimitedinf.Tools.csproj", "{A58098C7-2467-4220-A485-59B80EBB12FD}"
EndProject
Project("{2150E333-8FDC-42A3-9474-1A3956D46DE8}") = "Solution Items", "Solution Items", "{F362E671-015F-475E-BBA9-E387CB8EB952}"
	ProjectSection(SolutionItems) = preProject
		AssemblyInfo.cs = AssemblyInfo.cs
		noglob.ruleset = noglob.ruleset
		..\README.md = ..\README.md
	EndProjectSection
EndProject
Project("{FAE04EC0-301F-11D3-BF4B-00C04F79EFBC}") = "Unlimitedinf.Tools.UnitTests", "Unlimitedinf.Tools.UnitTests\Unlimitedinf.Tools.UnitTests.csproj", "{A03E19C8-CA03-4DD7-95BE-5E1DEE5EE7DA}"
EndProject
Project("{FAE04EC0-301F-11D3-BF4B-00C04F79EFBC}") = "Unlimitedinf.Tools.Statics", "Unlimitedinf.Tools.Statics\Unlimitedinf.Tools.Statics.csproj", "{FBD2CCB8-32B7-4581-A9F2-3D1D33F742FA}"
EndProject
Project("{FF286327-C783-4F7A-AB73-9BCBAD0D4460}") = "Unlimitedinf.Tools.Package", "Unlimitedinf.Tools.Package\Unlimitedinf.Tools.Package.nuproj", "{7C4883CE-7CBB-4A95-80BA-905885B13337}"
EndProject
Project("{FAE04EC0-301F-11D3-BF4B-00C04F79EFBC}") = "Unlimitedinf.Tools.IntTests", "Unlimitedinf.Tools.IntTests\Unlimitedinf.Tools.IntTests.csproj", "{9F931860-92AB-4B45-81F7-8774F9C194CD}"
EndProject
Global
	GlobalSection(SolutionConfigurationPlatforms) = preSolution
		Debug|Any CPU = Debug|Any CPU
		Release|Any CPU = Release|Any CPU
	EndGlobalSection
	GlobalSection(ProjectConfigurationPlatforms) = postSolution
		{A58098C7-2467-4220-A485-59B80EBB12FD}.Debug|Any CPU.ActiveCfg = Debug|Any CPU
		{A58098C7-2467-4220-A485-59B80EBB12FD}.Debug|Any CPU.Build.0 = Debug|Any CPU
		{A58098C7-2467-4220-A485-59B80EBB12FD}.Release|Any CPU.ActiveCfg = Release|Any CPU
		{A58098C7-2467-4220-A485-59B80EBB12FD}.Release|Any CPU.Build.0 = Release|Any CPU
		{A03E19C8-CA03-4DD7-95BE-5E1DEE5EE7DA}.Debug|Any CPU.ActiveCfg = Debug|Any CPU
		{A03E19C8-CA03-4DD7-95BE-5E1DEE5EE7DA}.Debug|Any CPU.Build.0 = Debug|Any CPU
		{A03E19C8-CA03-4DD7-95BE-5E1DEE5EE7DA}.Release|Any CPU.ActiveCfg = Release|Any CPU
		{FBD2CCB8-32B7-4581-A9F2-3D1D33F742FA}.Debug|Any CPU.ActiveCfg = Debug|Any CPU
		{FBD2CCB8-32B7-4581-A9F2-3D1D33F742FA}.Debug|Any CPU.Build.0 = Debug|Any CPU
		{FBD2CCB8-32B7-4581-A9F2-3D1D33F742FA}.Release|Any CPU.ActiveCfg = Release|Any CPU
		{FBD2CCB8-32B7-4581-A9F2-3D1D33F742FA}.Release|Any CPU.Build.0 = Release|Any CPU
		{7C4883CE-7CBB-4A95-80BA-905885B13337}.Debug|Any CPU.ActiveCfg = Debug|Any CPU
		{7C4883CE-7CBB-4A95-80BA-905885B13337}.Debug|Any CPU.Build.0 = Debug|Any CPU
		{7C4883CE-7CBB-4A95-80BA-905885B13337}.Release|Any CPU.ActiveCfg = Release|Any CPU
		{7C4883CE-7CBB-4A95-80BA-905885B13337}.Release|Any CPU.Build.0 = Release|Any CPU
		{9F931860-92AB-4B45-81F7-8774F9C194CD}.Debug|Any CPU.ActiveCfg = Debug|Any CPU
		{9F931860-92AB-4B45-81F7-8774F9C194CD}.Debug|Any CPU.Build.0 = Debug|Any CPU
		{9F931860-92AB-4B45-81F7-8774F9C194CD}.Release|Any CPU.ActiveCfg = Release|Any CPU
		{9F931860-92AB-4B45-81F7-8774F9C194CD}.Release|Any CPU.Build.0 = Release|Any CPU
	EndGlobalSection
	GlobalSection(SolutionProperties) = preSolution
		HideSolutionNode = FALSE
	EndGlobalSection
EndGlobal
